<?xml version="1.0" encoding="UTF-8" standalone="yes" ?>
<CodeBlocks_project_file>
	<FileVersion major="1" minor="6" />
	<Project>
		<Option title="test_indicators" />
		<Option pch_mode="2" />
		<Option compiler="mingw_64_7_3_0" />
		<Build>
			<Target title="Debug">
				<Option output="bin/Debug/test_indicators" prefix_auto="1" extension_auto="1" />
				<Option object_output="obj/Debug/" />
				<Option type="1" />
				<Option compiler="mingw_64_7_3_0" />
				<Compiler>
					<Add option="-g" />
				</Compiler>
			</Target>
			<Target title="Release">
				<Option output="bin/Release/test_indicators" prefix_auto="1" extension_auto="1" />
				<Option object_output="obj/Release/" />
				<Option type="1" />
				<Option compiler="mingw_64_7_3_0" />
				<Compiler>
					<Add option="-O2" />
					<Add option="-std=c++14" />
					<Add option="-DUSE_STANDALONE_ASIO" />
					<Add option="-DASIO_STANDALONE" />
					<Add option="-DZSTD_EASY_USE_BINARY_API" />
					<Add directory="../../lib/Simple-WebSocket-Server" />
					<Add directory="../../lib/openssl_win64/include" />
					<Add directory="../../lib/openssl_win64/lib" />
					<Add directory="../../lib/openssl_win64/bin" />
					<Add directory="../../lib/asio/asio/include" />
					<Add directory="../../lib/xtime_cpp/src" />
					<Add directory="../../lib/json/include" />
					<Add directory="../../include" />
					<Add directory="../../lib/banana-filesystem-cpp/include" />
					<Add directory="../../lib/zstd/lib" />
				</Compiler>
				<Linker>
					<Add option="-s" />
					<Add library="../../lib/openssl_win64/lib/capi.lib" />
					<Add library="../../lib/openssl_win64/lib/dasync.lib" />
					<Add library="../../lib/openssl_win64/lib/libcrypto.lib" />
					<Add library="../../lib/openssl_win64/lib/libssl.lib" />
					<Add library="../../lib/openssl_win64/lib/openssl.lib" />
					<Add library="../../lib/openssl_win64/lib/ossltest.lib" />
					<Add library="../../lib/openssl_win64/lib/padlock.lib" />
					<Add library="ws2_32" />
					<Add library="wsock32" />
					<Add library="zstd" />
					<Add directory="../../lib/xtime_cpp/src" />
					<Add directory="../../lib/openssl_win64/lib" />
					<Add directory="../../lib/openssl_win64/include" />
					<Add directory="../../lib/openssl_win64/bin" />
					<Add directory="../../lib/Simple-WebSocket-Server" />
					<Add directory="../../lib/asio/asio/include" />
					<Add directory="../../lib/json/include" />
					<Add directory="../../include" />
					<Add directory="../../lib/banana-filesystem-cpp/include" />
					<Add directory="../../lib/zstd/lib" />
					<Add directory="../../build" />
				</Linker>
			</Target>
		</Build>
		<Compiler>
			<Add option="-Wall" />
			<Add option="-fexceptions" />
		</Compiler>
		<Unit filename="../../include/BinaryAPI.hpp" />
		<Unit filename="../../include/BinaryApiEasy.hpp" />
		<Unit filename="../../include/CorrelationEasy.hpp" />
		<Unit filename="../../include/HistoricalDataEasy.hpp" />
		<Unit filename="../../include/IndicatorsEasy.hpp" />
		<Unit filename="../../include/NormalizationEasy.hpp" />
		<Unit filename="../../include/ZstdEasy.hpp" />
		<Unit filename="../../lib/banana-filesystem-cpp/include/banana_filesystem.hpp" />
		<Unit filename="../../lib/xtime_cpp/src/xtime.cpp" />
		<Unit filename="../../lib/xtime_cpp/src/xtime.hpp" />
		<Unit filename="main.cpp" />
		<Extensions>
			<code_completion />
			<envvars />
			<debugger />
			<lib_finder disable_auto="1" />
		</Extensions>
	</Project>
</CodeBlocks_project_file>
